// !$*UTF8*$!
{
	archiveVersion = 1;
	classes = {
	};
	objectVersion = 46;
	objects = {

/* Begin PBXBuildFile section */
		E41859291772105700944534 /* FMDatabase.m in Sources */ = {isa = PBXBuildFile; fileRef = E41859201772103900944534 /* FMDatabase.m */; };
		E418592C1772106400944534 /* FMDatabaseQueue.m in Sources */ = {isa = PBXBuildFile; fileRef = E41859261772103900944534 /* FMDatabaseQueue.m */; };
		E418592D1772106700944534 /* FMResultSet.m in Sources */ = {isa = PBXBuildFile; fileRef = E41859281772103900944534 /* FMResultSet.m */; };
		E418592F177210C000944534 /* libsqlite3.0.dylib in Frameworks */ = {isa = PBXBuildFile; fileRef = E418592E177210C000944534 /* libsqlite3.0.dylib */; };
		E41859321772161200944534 /* rps.sqlite in Resources */ = {isa = PBXBuildFile; fileRef = E4185930177211D500944534 /* rps.sqlite */; };
		E434D0401772001500E37E34 /* Storyboard-iPhone.storyboard in Resources */ = {isa = PBXBuildFile; fileRef = E460705A1771F58F00371CCA /* Storyboard-iPhone.storyboard */; };
		E434D0411772001500E37E34 /* Storyboard-iPad.storyboard in Resources */ = {isa = PBXBuildFile; fileRef = E460705B1771F59B00371CCA /* Storyboard-iPad.storyboard */; };
		E434D042177201D300E37E34 /* MainViewController.m in Sources */ = {isa = PBXBuildFile; fileRef = E460705D1771F5CA00371CCA /* MainViewController.m */; };
		E434D052177208A400E37E34 /* RecordsViewController.m in Sources */ = {isa = PBXBuildFile; fileRef = E434D051177208A100E37E34 /* RecordsViewController.m */; };
		E460702C1771F53400371CCA /* Foundation.framework in Frameworks */ = {isa = PBXBuildFile; fileRef = E460702B1771F53400371CCA /* Foundation.framework */; };
		E460702E1771F53400371CCA /* CoreGraphics.framework in Frameworks */ = {isa = PBXBuildFile; fileRef = E460702D1771F53400371CCA /* CoreGraphics.framework */; };
		E46070301771F53400371CCA /* UIKit.framework in Frameworks */ = {isa = PBXBuildFile; fileRef = E460702F1771F53400371CCA /* UIKit.framework */; };
		E46070361771F53400371CCA /* InfoPlist.strings in Resources */ = {isa = PBXBuildFile; fileRef = E46070341771F53400371CCA /* InfoPlist.strings */; };
		E46070381771F53400371CCA /* main.m in Sources */ = {isa = PBXBuildFile; fileRef = E46070371771F53400371CCA /* main.m */; };
		E460703C1771F53400371CCA /* AppDelegate.m in Sources */ = {isa = PBXBuildFile; fileRef = E460703B1771F53400371CCA /* AppDelegate.m */; };
		E460703E1771F53400371CCA /* Images.xcassets in Resources */ = {isa = PBXBuildFile; fileRef = E460703D1771F53400371CCA /* Images.xcassets */; };
		E46070451771F53500371CCA /* XCTest.framework in Frameworks */ = {isa = PBXBuildFile; fileRef = E46070441771F53500371CCA /* XCTest.framework */; };
		E46070461771F53500371CCA /* Foundation.framework in Frameworks */ = {isa = PBXBuildFile; fileRef = E460702B1771F53400371CCA /* Foundation.framework */; };
		E46070471771F53500371CCA /* UIKit.framework in Frameworks */ = {isa = PBXBuildFile; fileRef = E460702F1771F53400371CCA /* UIKit.framework */; };
		E460704F1771F53500371CCA /* InfoPlist.strings in Resources */ = {isa = PBXBuildFile; fileRef = E460704D1771F53500371CCA /* InfoPlist.strings */; };
		E46070511771F53500371CCA /* rpsTests.m in Sources */ = {isa = PBXBuildFile; fileRef = E46070501771F53500371CCA /* rpsTests.m */; };
/* End PBXBuildFile section */

/* Begin PBXContainerItemProxy section */
		E46070481771F53500371CCA /* PBXContainerItemProxy */ = {
			isa = PBXContainerItemProxy;
			containerPortal = E46070201771F53400371CCA /* Project object */;
			proxyType = 1;
			remoteGlobalIDString = E46070271771F53400371CCA;
			remoteInfo = rps;
		};
/* End PBXContainerItemProxy section */

/* Begin PBXFileReference section */
		E418591F1772103900944534 /* FMDatabase.h */ = {isa = PBXFileReference; lastKnownFileType = sourcecode.c.h; path = FMDatabase.h; sourceTree = "<group>"; };
		E41859201772103900944534 /* FMDatabase.m */ = {isa = PBXFileReference; lastKnownFileType = sourcecode.c.objc; path = FMDatabase.m; sourceTree = "<group>"; };
		E41859211772103900944534 /* FMDatabaseAdditions.h */ = {isa = PBXFileReference; lastKnownFileType = sourcecode.c.h; path = FMDatabaseAdditions.h; sourceTree = "<group>"; };
		E41859221772103900944534 /* FMDatabaseAdditions.m */ = {isa = PBXFileReference; lastKnownFileType = sourcecode.c.objc; path = FMDatabaseAdditions.m; sourceTree = "<group>"; };
		E41859231772103900944534 /* FMDatabasePool.h */ = {isa = PBXFileReference; lastKnownFileType = sourcecode.c.h; path = FMDatabasePool.h; sourceTree = "<group>"; };
		E41859241772103900944534 /* FMDatabasePool.m */ = {isa = PBXFileReference; lastKnownFileType = sourcecode.c.objc; path = FMDatabasePool.m; sourceTree = "<group>"; };
		E41859251772103900944534 /* FMDatabaseQueue.h */ = {isa = PBXFileReference; lastKnownFileType = sourcecode.c.h; path = FMDatabaseQueue.h; sourceTree = "<group>"; };
		E41859261772103900944534 /* FMDatabaseQueue.m */ = {isa = PBXFileReference; lastKnownFileType = sourcecode.c.objc; path = FMDatabaseQueue.m; sourceTree = "<group>"; };
		E41859271772103900944534 /* FMResultSet.h */ = {isa = PBXFileReference; lastKnownFileType = sourcecode.c.h; path = FMResultSet.h; sourceTree = "<group>"; };
		E41859281772103900944534 /* FMResultSet.m */ = {isa = PBXFileReference; lastKnownFileType = sourcecode.c.objc; path = FMResultSet.m; sourceTree = "<group>"; };
		E418592E177210C000944534 /* libsqlite3.0.dylib */ = {isa = PBXFileReference; lastKnownFileType = "compiled.mach-o.dylib"; name = libsqlite3.0.dylib; path = usr/lib/libsqlite3.0.dylib; sourceTree = SDKROOT; };
		E4185930177211D500944534 /* rps.sqlite */ = {isa = PBXFileReference; lastKnownFileType = file; path = rps.sqlite; sourceTree = SOURCE_ROOT; };
		E434D050177208A100E37E34 /* RecordsViewController.h */ = {isa = PBXFileReference; lastKnownFileType = sourcecode.c.h; path = RecordsViewController.h; sourceTree = "<group>"; };
		E434D051177208A100E37E34 /* RecordsViewController.m */ = {isa = PBXFileReference; lastKnownFileType = sourcecode.c.objc; path = RecordsViewController.m; sourceTree = "<group>"; };
		E46070281771F53400371CCA /* rps.app */ = {isa = PBXFileReference; explicitFileType = wrapper.application; includeInIndex = 0; path = rps.app; sourceTree = BUILT_PRODUCTS_DIR; };
		E460702B1771F53400371CCA /* Foundation.framework */ = {isa = PBXFileReference; lastKnownFileType = wrapper.framework; name = Foundation.framework; path = System/Library/Frameworks/Foundation.framework; sourceTree = SDKROOT; };
		E460702D1771F53400371CCA /* CoreGraphics.framework */ = {isa = PBXFileReference; lastKnownFileType = wrapper.framework; name = CoreGraphics.framework; path = System/Library/Frameworks/CoreGraphics.framework; sourceTree = SDKROOT; };
		E460702F1771F53400371CCA /* UIKit.framework */ = {isa = PBXFileReference; lastKnownFileType = wrapper.framework; name = UIKit.framework; path = System/Library/Frameworks/UIKit.framework; sourceTree = SDKROOT; };
		E46070331771F53400371CCA /* rps-Info.plist */ = {isa = PBXFileReference; lastKnownFileType = text.plist.xml; path = "rps-Info.plist"; sourceTree = "<group>"; };
		E46070351771F53400371CCA /* en */ = {isa = PBXFileReference; lastKnownFileType = text.plist.strings; name = en; path = en.lproj/InfoPlist.strings; sourceTree = "<group>"; };
		E46070371771F53400371CCA /* main.m */ = {isa = PBXFileReference; lastKnownFileType = sourcecode.c.objc; path = main.m; sourceTree = "<group>"; };
		E46070391771F53400371CCA /* rps-Prefix.pch */ = {isa = PBXFileReference; lastKnownFileType = sourcecode.c.h; path = "rps-Prefix.pch"; sourceTree = "<group>"; };
		E460703A1771F53400371CCA /* AppDelegate.h */ = {isa = PBXFileReference; lastKnownFileType = sourcecode.c.h; path = AppDelegate.h; sourceTree = "<group>"; };
		E460703B1771F53400371CCA /* AppDelegate.m */ = {isa = PBXFileReference; lastKnownFileType = sourcecode.c.objc; path = AppDelegate.m; sourceTree = "<group>"; };
		E460703D1771F53400371CCA /* Images.xcassets */ = {isa = PBXFileReference; lastKnownFileType = folder.assetcatalog; path = Images.xcassets; sourceTree = "<group>"; };
		E46070431771F53500371CCA /* rpsTests.xctest */ = {isa = PBXFileReference; explicitFileType = wrapper.cfbundle; includeInIndex = 0; path = rpsTests.xctest; sourceTree = BUILT_PRODUCTS_DIR; };
		E46070441771F53500371CCA /* XCTest.framework */ = {isa = PBXFileReference; lastKnownFileType = wrapper.framework; name = XCTest.framework; path = Library/Frameworks/XCTest.framework; sourceTree = DEVELOPER_DIR; };
		E460704C1771F53500371CCA /* rpsTests-Info.plist */ = {isa = PBXFileReference; lastKnownFileType = text.plist.xml; path = "rpsTests-Info.plist"; sourceTree = "<group>"; };
		E460704E1771F53500371CCA /* en */ = {isa = PBXFileReference; lastKnownFileType = text.plist.strings; name = en; path = en.lproj/InfoPlist.strings; sourceTree = "<group>"; };
		E46070501771F53500371CCA /* rpsTests.m */ = {isa = PBXFileReference; lastKnownFileType = sourcecode.c.objc; path = rpsTests.m; sourceTree = "<group>"; };
		E460705A1771F58F00371CCA /* Storyboard-iPhone.storyboard */ = {isa = PBXFileReference; lastKnownFileType = file.storyboard; path = "Storyboard-iPhone.storyboard"; sourceTree = "<group>"; };
		E460705B1771F59B00371CCA /* Storyboard-iPad.storyboard */ = {isa = PBXFileReference; lastKnownFileType = file.storyboard; path = "Storyboard-iPad.storyboard"; sourceTree = "<group>"; };
		E460705C1771F5CA00371CCA /* MainViewController.h */ = {isa = PBXFileReference; lastKnownFileType = sourcecode.c.h; path = MainViewController.h; sourceTree = "<group>"; };
		E460705D1771F5CA00371CCA /* MainViewController.m */ = {isa = PBXFileReference; lastKnownFileType = sourcecode.c.objc; path = MainViewController.m; sourceTree = "<group>"; };
/* End PBXFileReference section */

/* Begin PBXFrameworksBuildPhase section */
		E46070251771F53400371CCA /* Frameworks */ = {
			isa = PBXFrameworksBuildPhase;
			buildActionMask = 2147483647;
			files = (
				E418592F177210C000944534 /* libsqlite3.0.dylib in Frameworks */,
				E460702E1771F53400371CCA /* CoreGraphics.framework in Frameworks */,
				E46070301771F53400371CCA /* UIKit.framework in Frameworks */,
				E460702C1771F53400371CCA /* Foundation.framework in Frameworks */,
			);
			runOnlyForDeploymentPostprocessing = 0;
		};
		E46070401771F53500371CCA /* Frameworks */ = {
			isa = PBXFrameworksBuildPhase;
			buildActionMask = 2147483647;
			files = (
				E46070451771F53500371CCA /* XCTest.framework in Frameworks */,
				E46070471771F53500371CCA /* UIKit.framework in Frameworks */,
				E46070461771F53500371CCA /* Foundation.framework in Frameworks */,
			);
			runOnlyForDeploymentPostprocessing = 0;
		};
/* End PBXFrameworksBuildPhase section */

/* Begin PBXGroup section */
		E41859311772136A00944534 /* FMDB */ = {
			isa = PBXGroup;
			children = (
				E418591F1772103900944534 /* FMDatabase.h */,
				E41859201772103900944534 /* FMDatabase.m */,
				E41859211772103900944534 /* FMDatabaseAdditions.h */,
				E41859221772103900944534 /* FMDatabaseAdditions.m */,
				E41859231772103900944534 /* FMDatabasePool.h */,
				E41859241772103900944534 /* FMDatabasePool.m */,
				E41859251772103900944534 /* FMDatabaseQueue.h */,
				E41859261772103900944534 /* FMDatabaseQueue.m */,
				E41859271772103900944534 /* FMResultSet.h */,
				E41859281772103900944534 /* FMResultSet.m */,
			);
			name = FMDB;
			sourceTree = "<group>";
		};
		E460701F1771F53400371CCA = {
			isa = PBXGroup;
			children = (
				E46070311771F53400371CCA /* rps */,
				E460704A1771F53500371CCA /* rpsTests */,
				E460702A1771F53400371CCA /* Frameworks */,
				E46070291771F53400371CCA /* Products */,
			);
			sourceTree = "<group>";
		};
		E46070291771F53400371CCA /* Products */ = {
			isa = PBXGroup;
			children = (
				E46070281771F53400371CCA /* rps.app */,
				E46070431771F53500371CCA /* rpsTests.xctest */,
			);
			name = Products;
			sourceTree = "<group>";
		};
		E460702A1771F53400371CCA /* Frameworks */ = {
			isa = PBXGroup;
			children = (
				E418592E177210C000944534 /* libsqlite3.0.dylib */,
				E460702B1771F53400371CCA /* Foundation.framework */,
				E460702D1771F53400371CCA /* CoreGraphics.framework */,
				E460702F1771F53400371CCA /* UIKit.framework */,
				E46070441771F53500371CCA /* XCTest.framework */,
			);
			name = Frameworks;
			sourceTree = "<group>";
		};
		E46070311771F53400371CCA /* rps */ = {
			isa = PBXGroup;
			children = (
				E4185930177211D500944534 /* rps.sqlite */,
				E41859311772136A00944534 /* FMDB */,
				E460703A1771F53400371CCA /* AppDelegate.h */,
				E460703B1771F53400371CCA /* AppDelegate.m */,
				E460705C1771F5CA00371CCA /* MainViewController.h */,
				E460705D1771F5CA00371CCA /* MainViewController.m */,
				E434D050177208A100E37E34 /* RecordsViewController.h */,
				E434D051177208A100E37E34 /* RecordsViewController.m */,
				E460703D1771F53400371CCA /* Images.xcassets */,
				E460705E1771F5F600371CCA /* UI */,
				E46070321771F53400371CCA /* Supporting Files */,
			);
			path = rps;
			sourceTree = "<group>";
		};
		E46070321771F53400371CCA /* Supporting Files */ = {
			isa = PBXGroup;
			children = (
				E46070331771F53400371CCA /* rps-Info.plist */,
				E46070341771F53400371CCA /* InfoPlist.strings */,
				E46070371771F53400371CCA /* main.m */,
				E46070391771F53400371CCA /* rps-Prefix.pch */,
			);
			name = "Supporting Files";
			sourceTree = "<group>";
		};
		E460704A1771F53500371CCA /* rpsTests */ = {
			isa = PBXGroup;
			children = (
				E46070501771F53500371CCA /* rpsTests.m */,
				E460704B1771F53500371CCA /* Supporting Files */,
			);
			path = rpsTests;
			sourceTree = "<group>";
		};
		E460704B1771F53500371CCA /* Supporting Files */ = {
			isa = PBXGroup;
			children = (
				E460704C1771F53500371CCA /* rpsTests-Info.plist */,
				E460704D1771F53500371CCA /* InfoPlist.strings */,
			);
			name = "Supporting Files";
			sourceTree = "<group>";
		};
		E460705E1771F5F600371CCA /* UI */ = {
			isa = PBXGroup;
			children = (
				E460705A1771F58F00371CCA /* Storyboard-iPhone.storyboard */,
				E460705B1771F59B00371CCA /* Storyboard-iPad.storyboard */,
			);
			name = UI;
			sourceTree = "<group>";
		};
/* End PBXGroup section */

/* Begin PBXNativeTarget section */
		E46070271771F53400371CCA /* rps */ = {
			isa = PBXNativeTarget;
			buildConfigurationList = E46070541771F53500371CCA /* Build configuration list for PBXNativeTarget "rps" */;
			buildPhases = (
				E46070241771F53400371CCA /* Sources */,
				E46070251771F53400371CCA /* Frameworks */,
				E46070261771F53400371CCA /* Resources */,
			);
			buildRules = (
			);
			dependencies = (
			);
			name = rps;
			productName = rps;
			productReference = E46070281771F53400371CCA /* rps.app */;
			productType = "com.apple.product-type.application";
		};
		E46070421771F53500371CCA /* rpsTests */ = {
			isa = PBXNativeTarget;
			buildConfigurationList = E46070571771F53500371CCA /* Build configuration list for PBXNativeTarget "rpsTests" */;
			buildPhases = (
				E460703F1771F53500371CCA /* Sources */,
				E46070401771F53500371CCA /* Frameworks */,
				E46070411771F53500371CCA /* Resources */,
			);
			buildRules = (
			);
			dependencies = (
				E46070491771F53500371CCA /* PBXTargetDependency */,
			);
			name = rpsTests;
			productName = rpsTests;
			productReference = E46070431771F53500371CCA /* rpsTests.xctest */;
			productType = "com.apple.product-type.bundle.unit-test";
		};
/* End PBXNativeTarget section */

/* Begin PBXProject section */
		E46070201771F53400371CCA /* Project object */ = {
			isa = PBXProject;
			attributes = {
				LastUpgradeCheck = 0500;
				ORGANIZATIONNAME = "Animatronic Gopher Inc";
				TargetAttributes = {
					E46070421771F53500371CCA = {
						TestTargetID = E46070271771F53400371CCA;
					};
				};
			};
			buildConfigurationList = E46070231771F53400371CCA /* Build configuration list for PBXProject "rps" */;
			compatibilityVersion = "Xcode 3.2";
			developmentRegion = English;
			hasScannedForEncodings = 0;
			knownRegions = (
				en,
			);
			mainGroup = E460701F1771F53400371CCA;
			productRefGroup = E46070291771F53400371CCA /* Products */;
			projectDirPath = "";
			projectRoot = "";
			targets = (
				E46070271771F53400371CCA /* rps */,
				E46070421771F53500371CCA /* rpsTests */,
			);
		};
/* End PBXProject section */

/* Begin PBXResourcesBuildPhase section */
		E46070261771F53400371CCA /* Resources */ = {
			isa = PBXResourcesBuildPhase;
			buildActionMask = 2147483647;
			files = (
				E41859321772161200944534 /* rps.sqlite in Resources */,
				E434D0401772001500E37E34 /* Storyboard-iPhone.storyboard in Resources */,
				E434D0411772001500E37E34 /* Storyboard-iPad.storyboard in Resources */,
				E46070361771F53400371CCA /* InfoPlist.strings in Resources */,
				E460703E1771F53400371CCA /* Images.xcassets in Resources */,
			);
			runOnlyForDeploymentPostprocessing = 0;
		};
		E46070411771F53500371CCA /* Resources */ = {
			isa = PBXResourcesBuildPhase;
			buildActionMask = 2147483647;
			files = (
				E460704F1771F53500371CCA /* InfoPlist.strings in Resources */,
			);
			runOnlyForDeploymentPostprocessing = 0;
		};
/* End PBXResourcesBuildPhase section */

/* Begin PBXSourcesBuildPhase section */
		E46070241771F53400371CCA /* Sources */ = {
			isa = PBXSourcesBuildPhase;
			buildActionMask = 2147483647;
			files = (
				E460703C1771F53400371CCA /* AppDelegate.m in Sources */,
				E418592C1772106400944534 /* FMDatabaseQueue.m in Sources */,
				E434D042177201D300E37E34 /* MainViewController.m in Sources */,
				E46070381771F53400371CCA /* main.m in Sources */,
				E41859291772105700944534 /* FMDatabase.m in Sources */,
				E418592D1772106700944534 /* FMResultSet.m in Sources */,
				E434D052177208A400E37E34 /* RecordsViewController.m in Sources */,
			);
			runOnlyForDeploymentPostprocessing = 0;
		};
		E460703F1771F53500371CCA /* Sources */ = {
			isa = PBXSourcesBuildPhase;
			buildActionMask = 2147483647;
			files = (
				E46070511771F53500371CCA /* rpsTests.m in Sources */,
			);
			runOnlyForDeploymentPostprocessing = 0;
		};
/* End PBXSourcesBuildPhase section */

/* Begin PBXTargetDependency section */
		E46070491771F53500371CCA /* PBXTargetDependency */ = {
			isa = PBXTargetDependency;
			target = E46070271771F53400371CCA /* rps */;
			targetProxy = E46070481771F53500371CCA /* PBXContainerItemProxy */;
		};
/* End PBXTargetDependency section */

/* Begin PBXVariantGroup section */
		E46070341771F53400371CCA /* InfoPlist.strings */ = {
			isa = PBXVariantGroup;
			children = (
				E46070351771F53400371CCA /* en */,
			);
			name = InfoPlist.strings;
			sourceTree = "<group>";
		};
		E460704D1771F53500371CCA /* InfoPlist.strings */ = {
			isa = PBXVariantGroup;
			children = (
				E460704E1771F53500371CCA /* en */,
			);
			name = InfoPlist.strings;
			sourceTree = "<group>";
		};
/* End PBXVariantGroup section */

/* Begin XCBuildConfiguration section */
		E46070521771F53500371CCA /* Debug */ = {
			isa = XCBuildConfiguration;
			buildSettings = {
				ALWAYS_SEARCH_USER_PATHS = NO;
				CLANG_CXX_LANGUAGE_STANDARD = "gnu++0x";
				CLANG_CXX_LIBRARY = "libc++";
				CLANG_ENABLE_MODULES = YES;
				CLANG_ENABLE_OBJC_ARC = YES;
				CLANG_WARN_BOOL_CONVERSION = YES;
				CLANG_WARN_CONSTANT_CONVERSION = YES;
				CLANG_WARN_DIRECT_OBJC_ISA_USAGE = YES_ERROR;
				CLANG_WARN_EMPTY_BODY = YES;
				CLANG_WARN_ENUM_CONVERSION = YES;
				CLANG_WARN_INT_CONVERSION = YES;
				CLANG_WARN_OBJC_ROOT_CLASS = YES_ERROR;
				CLANG_WARN__DUPLICATE_METHOD_MATCH = YES;
				"CODE_SIGN_IDENTITY[sdk=iphoneos*]" = "iPhone Developer";
				COPY_PHASE_STRIP = NO;
				GCC_C_LANGUAGE_STANDARD = gnu99;
				GCC_DYNAMIC_NO_PIC = NO;
				GCC_OPTIMIZATION_LEVEL = 0;
				GCC_PREPROCESSOR_DEFINITIONS = (
					"DEBUG=1",
					"$(inherited)",
				);
				GCC_SYMBOLS_PRIVATE_EXTERN = NO;
				GCC_WARN_ABOUT_RETURN_TYPE = YES_ERROR;
				GCC_WARN_UNDECLARED_SELECTOR = YES;
				GCC_WARN_UNINITIALIZED_AUTOS = YES;
				GCC_WARN_UNUSED_FUNCTION = YES;
				GCC_WARN_UNUSED_VARIABLE = YES;
				IPHONEOS_DEPLOYMENT_TARGET = 7.0;
				ONLY_ACTIVE_ARCH = YES;
				SDKROOT = iphoneos;
				TARGETED_DEVICE_FAMILY = "1,2";
			};
			name = Debug;
		};
		E46070531771F53500371CCA /* Release */ = {
			isa = XCBuildConfiguration;
			buildSettings = {
				ALWAYS_SEARCH_USER_PATHS = NO;
				CLANG_CXX_LANGUAGE_STANDARD = "gnu++0x";
				CLANG_CXX_LIBRARY = "libc++";
				CLANG_ENABLE_MODULES = YES;
				CLANG_ENABLE_OBJC_ARC = YES;
				CLANG_WARN_BOOL_CONVERSION = YES;
				CLANG_WARN_CONSTANT_CONVERSION = YES;
				CLANG_WARN_DIRECT_OBJC_ISA_USAGE = YES_ERROR;
				CLANG_WARN_EMPTY_BODY = YES;
				CLANG_WARN_ENUM_CONVERSION = YES;
				CLANG_WARN_INT_CONVERSION = YES;
				CLANG_WARN_OBJC_ROOT_CLASS = YES_ERROR;
				CLANG_WARN__DUPLICATE_METHOD_MATCH = YES;
				"CODE_SIGN_IDENTITY[sdk=iphoneos*]" = "iPhone Developer";
				COPY_PHASE_STRIP = YES;
				ENABLE_NS_ASSERTIONS = NO;
				GCC_C_LANGUAGE_STANDARD = gnu99;
				GCC_WARN_ABOUT_RETURN_TYPE = YES_ERROR;
				GCC_WARN_UNDECLARED_SELECTOR = YES;
				GCC_WARN_UNINITIALIZED_AUTOS = YES;
				GCC_WARN_UNUSED_FUNCTION = YES;
				GCC_WARN_UNUSED_VARIABLE = YES;
				IPHONEOS_DEPLOYMENT_TARGET = 7.0;
				SDKROOT = iphoneos;
				TARGETED_DEVICE_FAMILY = "1,2";
				VALIDATE_PRODUCT = YES;
			};
			name = Release;
		};
		E46070551771F53500371CCA /* Debug */ = {
			isa = XCBuildConfiguration;
			buildSettings = {
				ASSETCATALOG_COMPILER_APPICON_NAME = AppIcon;
				ASSETCATALOG_COMPILER_LAUNCHIMAGE_NAME = LaunchImage;
				GCC_PRECOMPILE_PREFIX_HEADER = YES;
				GCC_PREFIX_HEADER = "rps/rps-Prefix.pch";
				INFOPLIST_FILE = "rps/rps-Info.plist";
				PRODUCT_NAME = "$(TARGET_NAME)";
				WRAPPER_EXTENSION = app;
			};
			name = Debug;
		};
		E46070561771F53500371CCA /* Release */ = {
			isa = XCBuildConfiguration;
			buildSettings = {
				ASSETCATALOG_COMPILER_APPICON_NAME = AppIcon;
				ASSETCATALOG_COMPILER_LAUNCHIMAGE_NAME = LaunchImage;
				GCC_PRECOMPILE_PREFIX_HEADER = YES;
				GCC_PREFIX_HEADER = "rps/rps-Prefix.pch";
				INFOPLIST_FILE = "rps/rps-Info.plist";
				PRODUCT_NAME = "$(TARGET_NAME)";
				WRAPPER_EXTENSION = app;
			};
			name = Release;
		};
		E46070581771F53500371CCA /* Debug */ = {
			isa = XCBuildConfiguration;
			buildSettings = {
				BUNDLE_LOADER = "$(BUILT_PRODUCTS_DIR)/rps.app/rps";
				FRAMEWORK_SEARCH_PATHS = (
					"$(SDKROOT)/Developer/Library/Frameworks",
					"$(inherited)",
					"$(SYSTEM_APPS_DIR)/Xcode5-DP.app/Contents/Developer/Library/Frameworks",
				);
				GCC_PRECOMPILE_PREFIX_HEADER = YES;
				GCC_PREFIX_HEADER = "rps/rps-Prefix.pch";
				GCC_PREPROCESSOR_DEFINITIONS = (
					"DEBUG=1",
					"$(inherited)",
				);
				INFOPLIST_FILE = "rpsTests/rpsTests-Info.plist";
				PRODUCT_NAME = "$(TARGET_NAME)";
				TEST_HOST = "$(BUNDLE_LOADER)";
				WRAPPER_EXTENSION = xctest;
			};
			name = Debug;
		};
		E46070591771F53500371CCA /* Release */ = {
			isa = XCBuildConfiguration;
			buildSettings = {
				BUNDLE_LOADER = "$(BUILT_PRODUCTS_DIR)/rps.app/rps";
				FRAMEWORK_SEARCH_PATHS = (
					"$(SDKROOT)/Developer/Library/Frameworks",
					"$(inherited)",
					"$(SYSTEM_APPS_DIR)/Xcode5-DP.app/Contents/Developer/Library/Frameworks",
				);
				GCC_PRECOMPILE_PREFIX_HEADER = YES;
				GCC_PREFIX_HEADER = "rps/rps-Prefix.pch";
				INFOPLIST_FILE = "rpsTests/rpsTests-Info.plist";
				PRODUCT_NAME = "$(TARGET_NAME)";
				TEST_HOST = "$(BUNDLE_LOADER)";
				WRAPPER_EXTENSION = xctest;
			};
			name = Release;
		};
/* End XCBuildConfiguration section */

/* Begin XCConfigurationList section */
		E46070231771F53400371CCA /* Build configuration list for PBXProject "rps" */ = {
			isa = XCConfigurationList;
			buildConfigurations = (
				E46070521771F53500371CCA /* Debug */,
				E46070531771F53500371CCA /* Release */,
			);
			defaultConfigurationIsVisible = 0;
			defaultConfigurationName = Release;
		};
		E46070541771F53500371CCA /* Build configuration list for PBXNativeTarget "rps" */ = {
			isa = XCConfigurationList;
			buildConfigurations = (
				E46070551771F53500371CCA /* Debug */,
				E46070561771F53500371CCA /* Release */,
			);
			defaultConfigurationIsVisible = 0;
			defaultConfigurationName = Release;
		};
		E46070571771F53500371CCA /* Build configuration list for PBXNativeTarget "rpsTests" */ = {
			isa = XCConfigurationList;
			buildConfigurations = (
				E46070581771F53500371CCA /* Debug */,
				E46070591771F53500371CCA /* Release */,
			);
			defaultConfigurationIsVisible = 0;
			defaultConfigurationName = Release;
		};
/* End XCConfigurationList section */
	};
	rootObject = E46070201771F53400371CCA /* Project object */;
}
